
Microsoft Visual Studio Solution File, Format Version 12.00
# Visual Studio 2012
Project("{8BC9CEB8-8B4A-11D0-8D11-00A0C91BC942}") = "Cpts_121_PA5", "Cpts_121_PA5\Cpts_121_PA5.vcxproj", "{7D651722-5267-4257-BC9F-2EA71C5DDE44}"
EndProject
Global
	GlobalSection(SolutionConfigurationPlatforms) = preSolution
		Debug|Win32 = Debug|Win32
		Release|Win32 = Release|Win32
	EndGlobalSection
	GlobalSection(ProjectConfigurationPlatforms) = postSolution
		{7D651722-5267-4257-BC9F-2EA71C5DDE44}.Debug|Win32.ActiveCfg = Debug|Win32
		{7D651722-5267-4257-BC9F-2EA71C5DDE44}.Debug|Win32.Build.0 = Debug|Win32
		{7D651722-5267-4257-BC9F-2EA71C5DDE44}.Release|Win32.ActiveCfg = Release|Win32
		{7D651722-5267-4257-BC9F-2EA71C5DDE44}.Release|Win32.Build.0 = Release|Win32
	EndGlobalSection
	GlobalSection(SolutionProperties) = preSolution
		HideSolutionNode = FALSE
	EndGlobalSection
EndGlobal
